// !$*UTF8*$!
{
	archiveVersion = 1;
	classes = {
	};
	objectVersion = 63;
	objects = {

/* Begin PBXBuildFile section */
		1BC3E88E53EA3C52B8BC734E /* InstagramStoriesKit in Frameworks */ = {isa = PBXBuildFile; productRef = 7A2170B758AA15C78F37A772 /* InstagramStoriesKit */; };
		C48B187D1D893A39DD687B52 /* InstagramStoriesExampleApp.swift in Sources */ = {isa = PBXBuildFile; fileRef = 4B56D31847BE7A93CB9A99E4 /* InstagramStoriesExampleApp.swift */; };
		ED6A26A513AEB5EF38FC7BE4 /* ContentView.swift in Sources */ = {isa = PBXBuildFile; fileRef = 85D9E694BA5522D4B660728A /* ContentView.swift */; };
/* End PBXBuildFile section */

/* Begin PBXFileReference section */
		4B56D31847BE7A93CB9A99E4 /* InstagramStoriesExampleApp.swift */ = {isa = PBXFileReference; lastKnownFileType = sourcecode.swift; path = InstagramStoriesExampleApp.swift; sourceTree = "<group>"; };
		7400493FCD1D0360857FEBD6 /* InstagramStoriesExampleApp.app */ = {isa = PBXFileReference; includeInIndex = 0; lastKnownFileType = wrapper.application; path = InstagramStoriesExampleApp.app; sourceTree = BUILT_PRODUCTS_DIR; };
		85D9E694BA5522D4B660728A /* ContentView.swift */ = {isa = PBXFileReference; lastKnownFileType = sourcecode.swift; path = ContentView.swift; sourceTree = "<group>"; };
		9AD74457F1C2745AC1E2C022 /* InstagramStoriesKit */ = {isa = PBXFileReference; lastKnownFileType = folder; name = InstagramStoriesKit; path = ../InstagramStoriesKit; sourceTree = SOURCE_ROOT; };
/* End PBXFileReference section */

/* Begin PBXFrameworksBuildPhase section */
		9D967F4F1975EB3FDEAFD971 /* Frameworks */ = {
			isa = PBXFrameworksBuildPhase;
			buildActionMask = 2147483647;
			files = (
				1BC3E88E53EA3C52B8BC734E /* InstagramStoriesKit in Frameworks */,
			);
			runOnlyForDeploymentPostprocessing = 0;
		};
/* End PBXFrameworksBuildPhase section */

/* Begin PBXGroup section */
		67B3115CE16F364590CD86C1 /* Sources */ = {
			isa = PBXGroup;
			children = (
				85D9E694BA5522D4B660728A /* ContentView.swift */,
				4B56D31847BE7A93CB9A99E4 /* InstagramStoriesExampleApp.swift */,
			);
			path = Sources;
			sourceTree = "<group>";
		};
		6B27D534BAB5A77AFB3CE558 /* Products */ = {
			isa = PBXGroup;
			children = (
				7400493FCD1D0360857FEBD6 /* InstagramStoriesExampleApp.app */,
			);
			name = Products;
			sourceTree = "<group>";
		};
		944BAF44338C8F4A80E3DA05 /* Packages */ = {
			isa = PBXGroup;
			children = (
				9AD74457F1C2745AC1E2C022 /* InstagramStoriesKit */,
			);
			name = Packages;
			sourceTree = "<group>";
		};
		EEAC1B02C16F9FEE304C9296 = {
			isa = PBXGroup;
			children = (
				944BAF44338C8F4A80E3DA05 /* Packages */,
				67B3115CE16F364590CD86C1 /* Sources */,
				6B27D534BAB5A77AFB3CE558 /* Products */,
			);
			sourceTree = "<group>";
		};
/* End PBXGroup section */

/* Begin PBXNativeTarget section */
		FAF92CB48FBBB512BD4F6322 /* InstagramStoriesExampleApp */ = {
			isa = PBXNativeTarget;
			buildConfigurationList = 692C56F5AA4739EB64B54FD0 /* Build configuration list for PBXNativeTarget "InstagramStoriesExampleApp" */;
			buildPhases = (
				F9C41884D82D5A2460AAAD56 /* Sources */,
				9D967F4F1975EB3FDEAFD971 /* Frameworks */,
			);
			buildRules = (
			);
			dependencies = (
			);
			name = InstagramStoriesExampleApp;
			packageProductDependencies = (
				7A2170B758AA15C78F37A772 /* InstagramStoriesKit */,
			);
			productName = InstagramStoriesExampleApp;
			productReference = 7400493FCD1D0360857FEBD6 /* InstagramStoriesExampleApp.app */;
			productType = "com.apple.product-type.application";
		};
/* End PBXNativeTarget section */

/* Begin PBXProject section */
		1FC4294B2A62554E4FCAA4CD /* Project object */ = {
			isa = PBXProject;
			attributes = {
				BuildIndependentTargetsInParallel = YES;
				LastUpgradeCheck = 1430;
				TargetAttributes = {
					FAF92CB48FBBB512BD4F6322 = {
						DevelopmentTeam = "";
						ProvisioningStyle = Automatic;
					};
				};
			};
			buildConfigurationList = 7323C4217A3D62A2212C0C04 /* Build configuration list for PBXProject "InstagramStoriesExampleApp" */;
			compatibilityVersion = "Xcode 14.0";
			developmentRegion = en;
			hasScannedForEncodings = 0;
			knownRegions = (
				Base,
				en,
			);
			mainGroup = EEAC1B02C16F9FEE304C9296;
			minimizedProjectReferenceProxies = 1;
			packageReferences = (
				0BF74CE91C1921B2B14F850E /* XCLocalSwiftPackageReference "../InstagramStoriesKit" */,
			);
			projectDirPath = "";
			projectRoot = "";
			targets = (
				FAF92CB48FBBB512BD4F6322 /* InstagramStoriesExampleApp */,
			);
		};
/* End PBXProject section */

/* Begin PBXSourcesBuildPhase section */
		F9C41884D82D5A2460AAAD56 /* Sources */ = {
			isa = PBXSourcesBuildPhase;
			buildActionMask = 2147483647;
			files = (
				ED6A26A513AEB5EF38FC7BE4 /* ContentView.swift in Sources */,
				C48B187D1D893A39DD687B52 /* InstagramStoriesExampleApp.swift in Sources */,
			);
			runOnlyForDeploymentPostprocessing = 0;
		};
/* End PBXSourcesBuildPhase section */

/* Begin XCBuildConfiguration section */
		3FB5E295F6D8F1847C982203 /* Release */ = {
			isa = XCBuildConfiguration;
			buildSettings = {
				ALWAYS_SEARCH_USER_PATHS = NO;
				CLANG_ANALYZER_NONNULL = YES;
				CLANG_ANALYZER_NUMBER_OBJECT_CONVERSION = YES_AGGRESSIVE;
				CLANG_CXX_LANGUAGE_STANDARD = "gnu++14";
				CLANG_CXX_LIBRARY = "libc++";
				CLANG_ENABLE_MODULES = YES;
				CLANG_ENABLE_OBJC_ARC = YES;
				CLANG_ENABLE_OBJC_WEAK = YES;
				CLANG_WARN_BLOCK_CAPTURE_AUTORELEASING = YES;
				CLANG_WARN_BOOL_CONVERSION = YES;
				CLANG_WARN_COMMA = YES;
				CLANG_WARN_CONSTANT_CONVERSION = YES;
				CLANG_WARN_DEPRECATED_OBJC_IMPLEMENTATIONS = YES;
				CLANG_WARN_DIRECT_OBJC_ISA_USAGE = YES_ERROR;
				CLANG_WARN_DOCUMENTATION_COMMENTS = YES;
				CLANG_WARN_EMPTY_BODY = YES;
				CLANG_WARN_ENUM_CONVERSION = YES;
				CLANG_WARN_INFINITE_RECURSION = YES;
				CLANG_WARN_INT_CONVERSION = YES;
				CLANG_WARN_NON_LITERAL_NULL_CONVERSION = YES;
				CLANG_WARN_OBJC_IMPLICIT_RETAIN_SELF = YES;
				CLANG_WARN_OBJC_LITERAL_CONVERSION = YES;
				CLANG_WARN_OBJC_ROOT_CLASS = YES_ERROR;
				CLANG_WARN_QUOTED_INCLUDE_IN_FRAMEWORK_HEADER = YES;
				CLANG_WARN_RANGE_LOOP_ANALYSIS = YES;
				CLANG_WARN_STRICT_PROTOTYPES = YES;
				CLANG_WARN_SUSPICIOUS_MOVE = YES;
				CLANG_WARN_UNGUARDED_AVAILABILITY = YES_AGGRESSIVE;
				CLANG_WARN_UNREACHABLE_CODE = YES;
				CLANG_WARN__DUPLICATE_METHOD_MATCH = YES;
				COPY_PHASE_STRIP = NO;
				DEBUG_INFORMATION_FORMAT = "dwarf-with-dsym";
				ENABLE_NS_ASSERTIONS = NO;
				ENABLE_STRICT_OBJC_MSGSEND = YES;
				GCC_C_LANGUAGE_STANDARD = gnu11;
				GCC_NO_COMMON_BLOCKS = YES;
				GCC_WARN_64_TO_32_BIT_CONVERSION = YES;
				GCC_WARN_ABOUT_RETURN_TYPE = YES_ERROR;
				GCC_WARN_UNDECLARED_SELECTOR = YES;
				GCC_WARN_UNINITIALIZED_AUTOS = YES_AGGRESSIVE;
				GCC_WARN_UNUSED_FUNCTION = YES;
				GCC_WARN_UNUSED_VARIABLE = YES;
				IPHONEOS_DEPLOYMENT_TARGET = 16.0;
				MTL_ENABLE_DEBUG_INFO = NO;
				MTL_FAST_MATH = YES;
				PRODUCT_NAME = "$(TARGET_NAME)";
				SDKROOT = iphoneos;
				SWIFT_COMPILATION_MODE = wholemodule;
				SWIFT_OPTIMIZATION_LEVEL = "-O";
				SWIFT_VERSION = 5.0;
			};
			name = Release;
		};
		96AA2D5BDAC0621B576C6945 /* Debug */ = {
			isa = XCBuildConfiguration;
			buildSettings = {
				ALWAYS_SEARCH_USER_PATHS = NO;
				CLANG_ANALYZER_NONNULL = YES;
				CLANG_ANALYZER_NUMBER_OBJECT_CONVERSION = YES_AGGRESSIVE;
				CLANG_CXX_LANGUAGE_STANDARD = "gnu++14";
				CLANG_CXX_LIBRARY = "libc++";
				CLANG_ENABLE_MODULES = YES;
				CLANG_ENABLE_OBJC_ARC = YES;
				CLANG_ENABLE_OBJC_WEAK = YES;
				CLANG_WARN_BLOCK_CAPTURE_AUTORELEASING = YES;
				CLANG_WARN_BOOL_CONVERSION = YES;
				CLANG_WARN_COMMA = YES;
				CLANG_WARN_CONSTANT_CONVERSION = YES;
				CLANG_WARN_DEPRECATED_OBJC_IMPLEMENTATIONS = YES;
				CLANG_WARN_DIRECT_OBJC_ISA_USAGE = YES_ERROR;
				CLANG_WARN_DOCUMENTATION_COMMENTS = YES;
				CLANG_WARN_EMPTY_BODY = YES;
				CLANG_WARN_ENUM_CONVERSION = YES;
				CLANG_WARN_INFINITE_RECURSION = YES;
				CLANG_WARN_INT_CONVERSION = YES;
				CLANG_WARN_NON_LITERAL_NULL_CONVERSION = YES;
				CLANG_WARN_OBJC_IMPLICIT_RETAIN_SELF = YES;
				CLANG_WARN_OBJC_LITERAL_CONVERSION = YES;
				CLANG_WARN_OBJC_ROOT_CLASS = YES_ERROR;
				CLANG_WARN_QUOTED_INCLUDE_IN_FRAMEWORK_HEADER = YES;
				CLANG_WARN_RANGE_LOOP_ANALYSIS = YES;
				CLANG_WARN_STRICT_PROTOTYPES = YES;
				CLANG_WARN_SUSPICIOUS_MOVE = YES;
				CLANG_WARN_UNGUARDED_AVAILABILITY = YES_AGGRESSIVE;
				CLANG_WARN_UNREACHABLE_CODE = YES;
				CLANG_WARN__DUPLICATE_METHOD_MATCH = YES;
				COPY_PHASE_STRIP = NO;
				DEBUG_INFORMATION_FORMAT = dwarf;
				ENABLE_STRICT_OBJC_MSGSEND = YES;
				ENABLE_TESTABILITY = YES;
				GCC_C_LANGUAGE_STANDARD = gnu11;
				GCC_DYNAMIC_NO_PIC = NO;
				GCC_NO_COMMON_BLOCKS = YES;
				GCC_OPTIMIZATION_LEVEL = 0;
				GCC_PREPROCESSOR_DEFINITIONS = (
					"$(inherited)",
					"DEBUG=1",
				);
				GCC_WARN_64_TO_32_BIT_CONVERSION = YES;
				GCC_WARN_ABOUT_RETURN_TYPE = YES_ERROR;
				GCC_WARN_UNDECLARED_SELECTOR = YES;
				GCC_WARN_UNINITIALIZED_AUTOS = YES_AGGRESSIVE;
				GCC_WARN_UNUSED_FUNCTION = YES;
				GCC_WARN_UNUSED_VARIABLE = YES;
				IPHONEOS_DEPLOYMENT_TARGET = 16.0;
				MTL_ENABLE_DEBUG_INFO = INCLUDE_SOURCE;
				MTL_FAST_MATH = YES;
				ONLY_ACTIVE_ARCH = YES;
				PRODUCT_NAME = "$(TARGET_NAME)";
				SDKROOT = iphoneos;
				SWIFT_ACTIVE_COMPILATION_CONDITIONS = DEBUG;
				SWIFT_OPTIMIZATION_LEVEL = "-Onone";
				SWIFT_VERSION = 5.0;
			};
			name = Debug;
		};
		99D2D0DD5B2D2D9DDEC460A6 /* Release */ = {
			isa = XCBuildConfiguration;
			buildSettings = {
				ASSETCATALOG_COMPILER_APPICON_NAME = AppIcon;
				CODE_SIGN_IDENTITY = "iPhone Developer";
				CODE_SIGN_STYLE = Automatic;
				DEVELOPMENT_TEAM = "";
				INFOPLIST_FILE = Info.plist;
				LD_RUNPATH_SEARCH_PATHS = (
					"$(inherited)",
					"@executable_path/Frameworks",
				);
				PRODUCT_BUNDLE_IDENTIFIER = com.example.InstagramStoriesExampleApp;
				SDKROOT = iphoneos;
				TARGETED_DEVICE_FAMILY = "1,2";
			};
			name = Release;
		};
		C955C8184C87142BE5E7D1E4 /* Debug */ = {
			isa = XCBuildConfiguration;
			buildSettings = {
				ASSETCATALOG_COMPILER_APPICON_NAME = AppIcon;
				CODE_SIGN_IDENTITY = "iPhone Developer";
				CODE_SIGN_STYLE = Automatic;
				DEVELOPMENT_TEAM = "";
				INFOPLIST_FILE = Info.plist;
				LD_RUNPATH_SEARCH_PATHS = (
					"$(inherited)",
					"@executable_path/Frameworks",
				);
				PRODUCT_BUNDLE_IDENTIFIER = com.example.InstagramStoriesExampleApp;
				SDKROOT = iphoneos;
				TARGETED_DEVICE_FAMILY = "1,2";
			};
			name = Debug;
		};
/* End XCBuildConfiguration section */

/* Begin XCConfigurationList section */
		692C56F5AA4739EB64B54FD0 /* Build configuration list for PBXNativeTarget "InstagramStoriesExampleApp" */ = {
			isa = XCConfigurationList;
			buildConfigurations = (
				C955C8184C87142BE5E7D1E4 /* Debug */,
				99D2D0DD5B2D2D9DDEC460A6 /* Release */,
			);
			defaultConfigurationIsVisible = 0;
			defaultConfigurationName = Debug;
		};
		7323C4217A3D62A2212C0C04 /* Build configuration list for PBXProject "InstagramStoriesExampleApp" */ = {
			isa = XCConfigurationList;
			buildConfigurations = (
				96AA2D5BDAC0621B576C6945 /* Debug */,
				3FB5E295F6D8F1847C982203 /* Release */,
			);
			defaultConfigurationIsVisible = 0;
			defaultConfigurationName = Debug;
		};
/* End XCConfigurationList section */

/* Begin XCLocalSwiftPackageReference section */
		0BF74CE91C1921B2B14F850E /* XCLocalSwiftPackageReference "../InstagramStoriesKit" */ = {
			isa = XCLocalSwiftPackageReference;
			relativePath = ../InstagramStoriesKit;
		};
/* End XCLocalSwiftPackageReference section */

/* Begin XCSwiftPackageProductDependency section */
		7A2170B758AA15C78F37A772 /* InstagramStoriesKit */ = {
			isa = XCSwiftPackageProductDependency;
			productName = InstagramStoriesKit;
		};
/* End XCSwiftPackageProductDependency section */
	};
	rootObject = 1FC4294B2A62554E4FCAA4CD /* Project object */;
}
